PODS:
  - presentationCore (1.0)

DEPENDENCIES:
  - presentationCore (from `../presentation/core`)

EXTERNAL SOURCES:
  presentationCore:
    :path: "../presentation/core"

SPEC CHECKSUMS:
  presentationCore: 20062e6b7193125a3c99761f7ae658a0636826aa

PODFILE CHECKSUM: 9d0ee1110232386ff80de516a8435093ac2ee49a

COCOAPODS: 1.16.2
