PODS:
  - presentationCore (1.0)

DEPENDENCIES:
  - presentationCore (from `../presentation/core`)

EXTERNAL SOURCES:
  presentationCore:
    :path: "../presentation/core"

SPEC CHECKSUMS:
  presentationCore: f84c5365d012a63d0a350362d2581cec60c0c7e8

PODFILE CHECKSUM: 4830b76889810c73758bf12333224cb0f0db8e6b

COCOAPODS: 1.15.2
